{
  "meteor": {},
  "dependencies": {
    "basePackages": {
      "dagred3": {},
      "jquery-ui": {}
    },
    "packages": {
      "dagred3": {
        "git": "https://github.com/kidovate/meteor-dagre-d3.git",
        "tag": "v0.1.95",
        "commit": "1a5cccd0336819681df57343e60b73ea8e1c845d"
      },
      "jquery-ui": {
        "git": "https://github.com/TimHeckel/meteor-jquery-ui.git",
        "tag": "v1.9.2",
        "commit": "c437d45edcf1367df8d5ffa8bad2867758030bd2"
      }
    }
  }
}
